// !$*UTF8*$!
{
	archiveVersion = 1;
	classes = {
	};
	objectVersion = 48;
	objects = {

/* Begin PBXBuildFile section */
		2226019B1FA8E5BC00AEB86C /* viewFuncs.c in Sources */ = {isa = PBXBuildFile; fileRef = 222601991FA8E5BC00AEB86C /* viewFuncs.c */; };
		2231234E1F946AEF0069B9AB /* main.c in Sources */ = {isa = PBXBuildFile; fileRef = 2231234D1F946AEF0069B9AB /* main.c */; };
		223123561F946AF80069B9AB /* OpenGL.framework in Frameworks */ = {isa = PBXBuildFile; fileRef = 223123551F946AF80069B9AB /* OpenGL.framework */; };
		223123581F946AFD0069B9AB /* GLUT.framework in Frameworks */ = {isa = PBXBuildFile; fileRef = 223123571F946AFD0069B9AB /* GLUT.framework */; };
		223123601F946B840069B9AB /* initShader.c in Sources */ = {isa = PBXBuildFile; fileRef = 2231235A1F946B840069B9AB /* initShader.c */; };
		223FDFAE1F946DE400F23EFC /* genMaze.c in Sources */ = {isa = PBXBuildFile; fileRef = 223FDFAC1F946DE400F23EFC /* genMaze.c */; };
		227B91391FA21E3600B8D071 /* vecMatOps.c in Sources */ = {isa = PBXBuildFile; fileRef = 227B91371FA21E3600B8D071 /* vecMatOps.c */; };
		227B913D1FA21FBF00B8D071 /* transformFuncs.c in Sources */ = {isa = PBXBuildFile; fileRef = 227B913B1FA21FBF00B8D071 /* transformFuncs.c */; };
/* End PBXBuildFile section */

/* Begin PBXCopyFilesBuildPhase section */
		223123481F946AEF0069B9AB /* CopyFiles */ = {
			isa = PBXCopyFilesBuildPhase;
			buildActionMask = 2147483647;
			dstPath = /usr/share/man/man1/;
			dstSubfolderSpec = 0;
			files = (
			);
			runOnlyForDeploymentPostprocessing = 1;
		};
/* End PBXCopyFilesBuildPhase section */

/* Begin PBXFileReference section */
		222601991FA8E5BC00AEB86C /* viewFuncs.c */ = {isa = PBXFileReference; lastKnownFileType = sourcecode.c.c; path = viewFuncs.c; sourceTree = "<group>"; };
		2226019A1FA8E5BC00AEB86C /* viewFuncs.h */ = {isa = PBXFileReference; lastKnownFileType = sourcecode.c.h; path = viewFuncs.h; sourceTree = "<group>"; };
		2231234A1F946AEF0069B9AB /* MazeProject2 */ = {isa = PBXFileReference; explicitFileType = "compiled.mach-o.executable"; includeInIndex = 0; path = MazeProject2; sourceTree = BUILT_PRODUCTS_DIR; };
		2231234D1F946AEF0069B9AB /* main.c */ = {isa = PBXFileReference; lastKnownFileType = sourcecode.c.c; path = main.c; sourceTree = "<group>"; };
		223123551F946AF80069B9AB /* OpenGL.framework */ = {isa = PBXFileReference; lastKnownFileType = wrapper.framework; name = OpenGL.framework; path = System/Library/Frameworks/OpenGL.framework; sourceTree = SDKROOT; };
		223123571F946AFD0069B9AB /* GLUT.framework */ = {isa = PBXFileReference; lastKnownFileType = wrapper.framework; name = GLUT.framework; path = System/Library/Frameworks/GLUT.framework; sourceTree = SDKROOT; };
		223123591F946B830069B9AB /* initShader.h */ = {isa = PBXFileReference; lastKnownFileType = sourcecode.c.h; path = initShader.h; sourceTree = "<group>"; };
		2231235A1F946B840069B9AB /* initShader.c */ = {isa = PBXFileReference; lastKnownFileType = sourcecode.c.c; path = initShader.c; sourceTree = "<group>"; };
		223FDFAC1F946DE400F23EFC /* genMaze.c */ = {isa = PBXFileReference; lastKnownFileType = sourcecode.c.c; path = genMaze.c; sourceTree = "<group>"; };
		223FDFAD1F946DE400F23EFC /* genMaze.h */ = {isa = PBXFileReference; lastKnownFileType = sourcecode.c.h; path = genMaze.h; sourceTree = "<group>"; };
		227B91371FA21E3600B8D071 /* vecMatOps.c */ = {isa = PBXFileReference; fileEncoding = 4; lastKnownFileType = sourcecode.c.c; path = vecMatOps.c; sourceTree = "<group>"; };
		227B91381FA21E3600B8D071 /* vecMatOps.h */ = {isa = PBXFileReference; fileEncoding = 4; lastKnownFileType = sourcecode.c.h; path = vecMatOps.h; sourceTree = "<group>"; };
		227B913A1FA21E8200B8D071 /* shapeVecs.h */ = {isa = PBXFileReference; lastKnownFileType = sourcecode.c.h; path = shapeVecs.h; sourceTree = "<group>"; };
		227B913B1FA21FBF00B8D071 /* transformFuncs.c */ = {isa = PBXFileReference; fileEncoding = 4; lastKnownFileType = sourcecode.c.c; path = transformFuncs.c; sourceTree = "<group>"; };
		227B913C1FA21FBF00B8D071 /* transformFuncs.h */ = {isa = PBXFileReference; fileEncoding = 4; lastKnownFileType = sourcecode.c.h; path = transformFuncs.h; sourceTree = "<group>"; };
		227B91401FA2251D00B8D071 /* vshader.glsl */ = {isa = PBXFileReference; fileEncoding = 4; lastKnownFileType = text; name = vshader.glsl; path = "../../../../Library/Developer/Xcode/DerivedData/MazeProject2-fsmwpknrwaabycdjkglteczpbplm/Build/Products/Debug/vshader.glsl"; sourceTree = "<group>"; };
		227B91411FA2251D00B8D071 /* fshader.glsl */ = {isa = PBXFileReference; fileEncoding = 4; lastKnownFileType = text; name = fshader.glsl; path = "../../../../Library/Developer/Xcode/DerivedData/MazeProject2-fsmwpknrwaabycdjkglteczpbplm/Build/Products/Debug/fshader.glsl"; sourceTree = "<group>"; };
		227B91421FA2255600B8D071 /* types.h */ = {isa = PBXFileReference; fileEncoding = 4; lastKnownFileType = sourcecode.c.h; path = types.h; sourceTree = "<group>"; };
/* End PBXFileReference section */

/* Begin PBXFrameworksBuildPhase section */
		223123471F946AEF0069B9AB /* Frameworks */ = {
			isa = PBXFrameworksBuildPhase;
			buildActionMask = 2147483647;
			files = (
				223123581F946AFD0069B9AB /* GLUT.framework in Frameworks */,
				223123561F946AF80069B9AB /* OpenGL.framework in Frameworks */,
			);
			runOnlyForDeploymentPostprocessing = 0;
		};
/* End PBXFrameworksBuildPhase section */

/* Begin PBXGroup section */
		223123411F946AEF0069B9AB = {
			isa = PBXGroup;
			children = (
				2231234C1F946AEF0069B9AB /* MazeProject2 */,
				2231234B1F946AEF0069B9AB /* Products */,
				227B91411FA2251D00B8D071 /* fshader.glsl */,
				227B91401FA2251D00B8D071 /* vshader.glsl */,
				223123541F946AF70069B9AB /* Frameworks */,
			);
			sourceTree = "<group>";
		};
		2231234B1F946AEF0069B9AB /* Products */ = {
			isa = PBXGroup;
			children = (
				2231234A1F946AEF0069B9AB /* MazeProject2 */,
			);
			name = Products;
			sourceTree = "<group>";
		};
		2231234C1F946AEF0069B9AB /* MazeProject2 */ = {
			isa = PBXGroup;
			children = (
				2231234D1F946AEF0069B9AB /* main.c */,
				2231235A1F946B840069B9AB /* initShader.c */,
				223123591F946B830069B9AB /* initShader.h */,
				223FDFAC1F946DE400F23EFC /* genMaze.c */,
				223FDFAD1F946DE400F23EFC /* genMaze.h */,
				227B913A1FA21E8200B8D071 /* shapeVecs.h */,
				227B913B1FA21FBF00B8D071 /* transformFuncs.c */,
				227B913C1FA21FBF00B8D071 /* transformFuncs.h */,
				227B91421FA2255600B8D071 /* types.h */,
				222601991FA8E5BC00AEB86C /* viewFuncs.c */,
				2226019A1FA8E5BC00AEB86C /* viewFuncs.h */,
				227B91371FA21E3600B8D071 /* vecMatOps.c */,
				227B91381FA21E3600B8D071 /* vecMatOps.h */,
			);
			path = MazeProject2;
			sourceTree = "<group>";
		};
		223123541F946AF70069B9AB /* Frameworks */ = {
			isa = PBXGroup;
			children = (
				223123571F946AFD0069B9AB /* GLUT.framework */,
				223123551F946AF80069B9AB /* OpenGL.framework */,
			);
			name = Frameworks;
			sourceTree = "<group>";
		};
/* End PBXGroup section */

/* Begin PBXNativeTarget section */
		223123491F946AEF0069B9AB /* MazeProject2 */ = {
			isa = PBXNativeTarget;
			buildConfigurationList = 223123511F946AEF0069B9AB /* Build configuration list for PBXNativeTarget "MazeProject2" */;
			buildPhases = (
				223123461F946AEF0069B9AB /* Sources */,
				223123471F946AEF0069B9AB /* Frameworks */,
				223123481F946AEF0069B9AB /* CopyFiles */,
			);
			buildRules = (
			);
			dependencies = (
			);
			name = MazeProject2;
			productName = MazeProject2;
			productReference = 2231234A1F946AEF0069B9AB /* MazeProject2 */;
			productType = "com.apple.product-type.tool";
		};
/* End PBXNativeTarget section */

/* Begin PBXProject section */
		223123421F946AEF0069B9AB /* Project object */ = {
			isa = PBXProject;
			attributes = {
				LastUpgradeCheck = 0900;
				ORGANIZATIONNAME = "Sam Nosenzo";
				TargetAttributes = {
					223123491F946AEF0069B9AB = {
						CreatedOnToolsVersion = 9.0;
						ProvisioningStyle = Automatic;
					};
				};
			};
			buildConfigurationList = 223123451F946AEF0069B9AB /* Build configuration list for PBXProject "MazeProject2" */;
			compatibilityVersion = "Xcode 8.0";
			developmentRegion = en;
			hasScannedForEncodings = 0;
			knownRegions = (
				en,
			);
			mainGroup = 223123411F946AEF0069B9AB;
			productRefGroup = 2231234B1F946AEF0069B9AB /* Products */;
			projectDirPath = "";
			projectRoot = "";
			targets = (
				223123491F946AEF0069B9AB /* MazeProject2 */,
			);
		};
/* End PBXProject section */

/* Begin PBXSourcesBuildPhase section */
		223123461F946AEF0069B9AB /* Sources */ = {
			isa = PBXSourcesBuildPhase;
			buildActionMask = 2147483647;
			files = (
				223123601F946B840069B9AB /* initShader.c in Sources */,
				223FDFAE1F946DE400F23EFC /* genMaze.c in Sources */,
				2231234E1F946AEF0069B9AB /* main.c in Sources */,
				227B913D1FA21FBF00B8D071 /* transformFuncs.c in Sources */,
				2226019B1FA8E5BC00AEB86C /* viewFuncs.c in Sources */,
				227B91391FA21E3600B8D071 /* vecMatOps.c in Sources */,
			);
			runOnlyForDeploymentPostprocessing = 0;
		};
/* End PBXSourcesBuildPhase section */

/* Begin XCBuildConfiguration section */
		2231234F1F946AEF0069B9AB /* Debug */ = {
			isa = XCBuildConfiguration;
			buildSettings = {
				ALWAYS_SEARCH_USER_PATHS = NO;
				CLANG_ANALYZER_NONNULL = YES;
				CLANG_ANALYZER_NUMBER_OBJECT_CONVERSION = YES_AGGRESSIVE;
				CLANG_CXX_LANGUAGE_STANDARD = "gnu++14";
				CLANG_CXX_LIBRARY = "libc++";
				CLANG_ENABLE_MODULES = YES;
				CLANG_ENABLE_OBJC_ARC = YES;
				CLANG_WARN_BLOCK_CAPTURE_AUTORELEASING = YES;
				CLANG_WARN_BOOL_CONVERSION = YES;
				CLANG_WARN_COMMA = YES;
				CLANG_WARN_CONSTANT_CONVERSION = YES;
				CLANG_WARN_DIRECT_OBJC_ISA_USAGE = YES_ERROR;
				CLANG_WARN_DOCUMENTATION_COMMENTS = YES;
				CLANG_WARN_EMPTY_BODY = YES;
				CLANG_WARN_ENUM_CONVERSION = YES;
				CLANG_WARN_INFINITE_RECURSION = YES;
				CLANG_WARN_INT_CONVERSION = YES;
				CLANG_WARN_NON_LITERAL_NULL_CONVERSION = YES;
				CLANG_WARN_OBJC_LITERAL_CONVERSION = YES;
				CLANG_WARN_OBJC_ROOT_CLASS = YES_ERROR;
				CLANG_WARN_RANGE_LOOP_ANALYSIS = YES;
				CLANG_WARN_STRICT_PROTOTYPES = YES;
				CLANG_WARN_SUSPICIOUS_MOVE = YES;
				CLANG_WARN_UNGUARDED_AVAILABILITY = YES_AGGRESSIVE;
				CLANG_WARN_UNREACHABLE_CODE = YES;
				CLANG_WARN__DUPLICATE_METHOD_MATCH = YES;
				CODE_SIGN_IDENTITY = "-";
				COPY_PHASE_STRIP = NO;
				DEBUG_INFORMATION_FORMAT = dwarf;
				ENABLE_STRICT_OBJC_MSGSEND = YES;
				ENABLE_TESTABILITY = YES;
				GCC_C_LANGUAGE_STANDARD = gnu11;
				GCC_DYNAMIC_NO_PIC = NO;
				GCC_NO_COMMON_BLOCKS = YES;
				GCC_OPTIMIZATION_LEVEL = 0;
				GCC_PREPROCESSOR_DEFINITIONS = (
					"DEBUG=1",
					"$(inherited)",
				);
				GCC_WARN_64_TO_32_BIT_CONVERSION = YES;
				GCC_WARN_ABOUT_RETURN_TYPE = YES_ERROR;
				GCC_WARN_UNDECLARED_SELECTOR = YES;
				GCC_WARN_UNINITIALIZED_AUTOS = YES_AGGRESSIVE;
				GCC_WARN_UNUSED_FUNCTION = YES;
				GCC_WARN_UNUSED_VARIABLE = YES;
				MACOSX_DEPLOYMENT_TARGET = 10.12;
				MTL_ENABLE_DEBUG_INFO = YES;
				ONLY_ACTIVE_ARCH = YES;
				SDKROOT = macosx;
			};
			name = Debug;
		};
		223123501F946AEF0069B9AB /* Release */ = {
			isa = XCBuildConfiguration;
			buildSettings = {
				ALWAYS_SEARCH_USER_PATHS = NO;
				CLANG_ANALYZER_NONNULL = YES;
				CLANG_ANALYZER_NUMBER_OBJECT_CONVERSION = YES_AGGRESSIVE;
				CLANG_CXX_LANGUAGE_STANDARD = "gnu++14";
				CLANG_CXX_LIBRARY = "libc++";
				CLANG_ENABLE_MODULES = YES;
				CLANG_ENABLE_OBJC_ARC = YES;
				CLANG_WARN_BLOCK_CAPTURE_AUTORELEASING = YES;
				CLANG_WARN_BOOL_CONVERSION = YES;
				CLANG_WARN_COMMA = YES;
				CLANG_WARN_CONSTANT_CONVERSION = YES;
				CLANG_WARN_DIRECT_OBJC_ISA_USAGE = YES_ERROR;
				CLANG_WARN_DOCUMENTATION_COMMENTS = YES;
				CLANG_WARN_EMPTY_BODY = YES;
				CLANG_WARN_ENUM_CONVERSION = YES;
				CLANG_WARN_INFINITE_RECURSION = YES;
				CLANG_WARN_INT_CONVERSION = YES;
				CLANG_WARN_NON_LITERAL_NULL_CONVERSION = YES;
				CLANG_WARN_OBJC_LITERAL_CONVERSION = YES;
				CLANG_WARN_OBJC_ROOT_CLASS = YES_ERROR;
				CLANG_WARN_RANGE_LOOP_ANALYSIS = YES;
				CLANG_WARN_STRICT_PROTOTYPES = YES;
				CLANG_WARN_SUSPICIOUS_MOVE = YES;
				CLANG_WARN_UNGUARDED_AVAILABILITY = YES_AGGRESSIVE;
				CLANG_WARN_UNREACHABLE_CODE = YES;
				CLANG_WARN__DUPLICATE_METHOD_MATCH = YES;
				CODE_SIGN_IDENTITY = "-";
				COPY_PHASE_STRIP = NO;
				DEBUG_INFORMATION_FORMAT = "dwarf-with-dsym";
				ENABLE_NS_ASSERTIONS = NO;
				ENABLE_STRICT_OBJC_MSGSEND = YES;
				GCC_C_LANGUAGE_STANDARD = gnu11;
				GCC_NO_COMMON_BLOCKS = YES;
				GCC_WARN_64_TO_32_BIT_CONVERSION = YES;
				GCC_WARN_ABOUT_RETURN_TYPE = YES_ERROR;
				GCC_WARN_UNDECLARED_SELECTOR = YES;
				GCC_WARN_UNINITIALIZED_AUTOS = YES_AGGRESSIVE;
				GCC_WARN_UNUSED_FUNCTION = YES;
				GCC_WARN_UNUSED_VARIABLE = YES;
				MACOSX_DEPLOYMENT_TARGET = 10.12;
				MTL_ENABLE_DEBUG_INFO = NO;
				SDKROOT = macosx;
			};
			name = Release;
		};
		223123521F946AEF0069B9AB /* Debug */ = {
			isa = XCBuildConfiguration;
			buildSettings = {
				CODE_SIGN_STYLE = Automatic;
				PRODUCT_NAME = "$(TARGET_NAME)";
			};
			name = Debug;
		};
		223123531F946AEF0069B9AB /* Release */ = {
			isa = XCBuildConfiguration;
			buildSettings = {
				CODE_SIGN_STYLE = Automatic;
				PRODUCT_NAME = "$(TARGET_NAME)";
			};
			name = Release;
		};
/* End XCBuildConfiguration section */

/* Begin XCConfigurationList section */
		223123451F946AEF0069B9AB /* Build configuration list for PBXProject "MazeProject2" */ = {
			isa = XCConfigurationList;
			buildConfigurations = (
				2231234F1F946AEF0069B9AB /* Debug */,
				223123501F946AEF0069B9AB /* Release */,
			);
			defaultConfigurationIsVisible = 0;
			defaultConfigurationName = Release;
		};
		223123511F946AEF0069B9AB /* Build configuration list for PBXNativeTarget "MazeProject2" */ = {
			isa = XCConfigurationList;
			buildConfigurations = (
				223123521F946AEF0069B9AB /* Debug */,
				223123531F946AEF0069B9AB /* Release */,
			);
			defaultConfigurationIsVisible = 0;
			defaultConfigurationName = Release;
		};
/* End XCConfigurationList section */
	};
	rootObject = 223123421F946AEF0069B9AB /* Project object */;
}
